
Microsoft Visual Studio Solution File, Format Version 12.00
# Visual Studio 15
VisualStudioVersion = 15.0.28307.136
MinimumVisualStudioVersion = 10.0.40219.1
Project("{8BC9CEB8-8B4A-11D0-8D11-00A0C91BC942}") = "palindrome", "palindrome.vcxproj", "{A5460A9D-841D-4206-B944-5FA750253713}"
EndProject
Global
	GlobalSection(SolutionConfigurationPlatforms) = preSolution
		Debug|x64 = Debug|x64
		Debug|x86 = Debug|x86
		Release|x64 = Release|x64
		Release|x86 = Release|x86
	EndGlobalSection
	GlobalSection(ProjectConfigurationPlatforms) = postSolution
		{A5460A9D-841D-4206-B944-5FA750253713}.Debug|x64.ActiveCfg = Debug|x64
		{A5460A9D-841D-4206-B944-5FA750253713}.Debug|x64.Build.0 = Debug|x64
		{A5460A9D-841D-4206-B944-5FA750253713}.Debug|x86.ActiveCfg = Debug|Win32
		{A5460A9D-841D-4206-B944-5FA750253713}.Debug|x86.Build.0 = Debug|Win32
		{A5460A9D-841D-4206-B944-5FA750253713}.Release|x64.ActiveCfg = Release|x64
		{A5460A9D-841D-4206-B944-5FA750253713}.Release|x64.Build.0 = Release|x64
		{A5460A9D-841D-4206-B944-5FA750253713}.Release|x86.ActiveCfg = Release|Win32
		{A5460A9D-841D-4206-B944-5FA750253713}.Release|x86.Build.0 = Release|Win32
	EndGlobalSection
	GlobalSection(SolutionProperties) = preSolution
		HideSolutionNode = FALSE
	EndGlobalSection
	GlobalSection(ExtensibilityGlobals) = postSolution
		SolutionGuid = {888D5BC7-9A12-40C0-AA77-7222CA696EB9}
	EndGlobalSection
EndGlobal
